// !$*UTF8*$!
{
	archiveVersion = 1;
	classes = {
	};
	objectVersion = 56;
	objects = {

/* Begin PBXBuildFile section */
		3A74F15229436B53004C860E /* AppDelegate.swift in Sources */ = {isa = PBXBuildFile; fileRef = 3A74F15129436B53004C860E /* AppDelegate.swift */; };
		3A74F15429436B53004C860E /* SceneDelegate.swift in Sources */ = {isa = PBXBuildFile; fileRef = 3A74F15329436B53004C860E /* SceneDelegate.swift */; };
		3A74F15629436B53004C860E /* ViewController.swift in Sources */ = {isa = PBXBuildFile; fileRef = 3A74F15529436B53004C860E /* ViewController.swift */; };
		3A74F15929436B53004C860E /* Main.storyboard in Resources */ = {isa = PBXBuildFile; fileRef = 3A74F15729436B53004C860E /* Main.storyboard */; };
		3A74F15B29436B5A004C860E /* Assets.xcassets in Resources */ = {isa = PBXBuildFile; fileRef = 3A74F15A29436B5A004C860E /* Assets.xcassets */; };
		3A74F15E29436B5A004C860E /* LaunchScreen.storyboard in Resources */ = {isa = PBXBuildFile; fileRef = 3A74F15C29436B5A004C860E /* LaunchScreen.storyboard */; };
		3A74F16929436CD4004C860E /* CollectionTableViewCell.swift in Sources */ = {isa = PBXBuildFile; fileRef = 3A74F16729436CD4004C860E /* CollectionTableViewCell.swift */; };
		3A74F16A29436CD4004C860E /* CollectionTableViewCell.xib in Resources */ = {isa = PBXBuildFile; fileRef = 3A74F16829436CD4004C860E /* CollectionTableViewCell.xib */; };
		3A74F16D29436CEF004C860E /* MyCollectionViewCell.swift in Sources */ = {isa = PBXBuildFile; fileRef = 3A74F16B29436CEF004C860E /* MyCollectionViewCell.swift */; };
		3A74F16E29436CEF004C860E /* MyCollectionViewCell.xib in Resources */ = {isa = PBXBuildFile; fileRef = 3A74F16C29436CEF004C860E /* MyCollectionViewCell.xib */; };
/* End PBXBuildFile section */

/* Begin PBXFileReference section */
		3A74F14E29436B53004C860E /* HorizantallyScroll.app */ = {isa = PBXFileReference; explicitFileType = wrapper.application; includeInIndex = 0; path = HorizantallyScroll.app; sourceTree = BUILT_PRODUCTS_DIR; };
		3A74F15129436B53004C860E /* AppDelegate.swift */ = {isa = PBXFileReference; lastKnownFileType = sourcecode.swift; path = AppDelegate.swift; sourceTree = "<group>"; };
		3A74F15329436B53004C860E /* SceneDelegate.swift */ = {isa = PBXFileReference; lastKnownFileType = sourcecode.swift; path = SceneDelegate.swift; sourceTree = "<group>"; };
		3A74F15529436B53004C860E /* ViewController.swift */ = {isa = PBXFileReference; lastKnownFileType = sourcecode.swift; path = ViewController.swift; sourceTree = "<group>"; };
		3A74F15829436B53004C860E /* Base */ = {isa = PBXFileReference; lastKnownFileType = file.storyboard; name = Base; path = Base.lproj/Main.storyboard; sourceTree = "<group>"; };
		3A74F15A29436B5A004C860E /* Assets.xcassets */ = {isa = PBXFileReference; lastKnownFileType = folder.assetcatalog; path = Assets.xcassets; sourceTree = "<group>"; };
		3A74F15D29436B5A004C860E /* Base */ = {isa = PBXFileReference; lastKnownFileType = file.storyboard; name = Base; path = Base.lproj/LaunchScreen.storyboard; sourceTree = "<group>"; };
		3A74F15F29436B5A004C860E /* Info.plist */ = {isa = PBXFileReference; lastKnownFileType = text.plist.xml; path = Info.plist; sourceTree = "<group>"; };
		3A74F16729436CD4004C860E /* CollectionTableViewCell.swift */ = {isa = PBXFileReference; lastKnownFileType = sourcecode.swift; path = CollectionTableViewCell.swift; sourceTree = "<group>"; };
		3A74F16829436CD4004C860E /* CollectionTableViewCell.xib */ = {isa = PBXFileReference; lastKnownFileType = file.xib; path = CollectionTableViewCell.xib; sourceTree = "<group>"; };
		3A74F16B29436CEF004C860E /* MyCollectionViewCell.swift */ = {isa = PBXFileReference; lastKnownFileType = sourcecode.swift; path = MyCollectionViewCell.swift; sourceTree = "<group>"; };
		3A74F16C29436CEF004C860E /* MyCollectionViewCell.xib */ = {isa = PBXFileReference; lastKnownFileType = file.xib; path = MyCollectionViewCell.xib; sourceTree = "<group>"; };
/* End PBXFileReference section */

/* Begin PBXFrameworksBuildPhase section */
		3A74F14B29436B53004C860E /* Frameworks */ = {
			isa = PBXFrameworksBuildPhase;
			buildActionMask = 2147483647;
			files = (
			);
			runOnlyForDeploymentPostprocessing = 0;
		};
/* End PBXFrameworksBuildPhase section */

/* Begin PBXGroup section */
		3A74F14529436B53004C860E = {
			isa = PBXGroup;
			children = (
				3A74F15029436B53004C860E /* HorizantallyScroll */,
				3A74F14F29436B53004C860E /* Products */,
			);
			sourceTree = "<group>";
		};
		3A74F14F29436B53004C860E /* Products */ = {
			isa = PBXGroup;
			children = (
				3A74F14E29436B53004C860E /* HorizantallyScroll.app */,
			);
			name = Products;
			sourceTree = "<group>";
		};
		3A74F15029436B53004C860E /* HorizantallyScroll */ = {
			isa = PBXGroup;
			children = (
				3A74F16629436C5F004C860E /* Collection Cell */,
				3A74F16529436C47004C860E /* Table Cell */,
				3A74F15129436B53004C860E /* AppDelegate.swift */,
				3A74F15329436B53004C860E /* SceneDelegate.swift */,
				3A74F15529436B53004C860E /* ViewController.swift */,
				3A74F15729436B53004C860E /* Main.storyboard */,
				3A74F15A29436B5A004C860E /* Assets.xcassets */,
				3A74F15C29436B5A004C860E /* LaunchScreen.storyboard */,
				3A74F15F29436B5A004C860E /* Info.plist */,
			);
			path = HorizantallyScroll;
			sourceTree = "<group>";
		};
		3A74F16529436C47004C860E /* Table Cell */ = {
			isa = PBXGroup;
			children = (
				3A74F16729436CD4004C860E /* CollectionTableViewCell.swift */,
				3A74F16829436CD4004C860E /* CollectionTableViewCell.xib */,
			);
			path = "Table Cell";
			sourceTree = "<group>";
		};
		3A74F16629436C5F004C860E /* Collection Cell */ = {
			isa = PBXGroup;
			children = (
				3A74F16B29436CEF004C860E /* MyCollectionViewCell.swift */,
				3A74F16C29436CEF004C860E /* MyCollectionViewCell.xib */,
			);
			path = "Collection Cell";
			sourceTree = "<group>";
		};
/* End PBXGroup section */

/* Begin PBXNativeTarget section */
		3A74F14D29436B53004C860E /* HorizantallyScroll */ = {
			isa = PBXNativeTarget;
			buildConfigurationList = 3A74F16229436B5A004C860E /* Build configuration list for PBXNativeTarget "HorizantallyScroll" */;
			buildPhases = (
				3A74F14A29436B53004C860E /* Sources */,
				3A74F14B29436B53004C860E /* Frameworks */,
				3A74F14C29436B53004C860E /* Resources */,
			);
			buildRules = (
			);
			dependencies = (
			);
			name = HorizantallyScroll;
			productName = HorizantallyScroll;
			productReference = 3A74F14E29436B53004C860E /* HorizantallyScroll.app */;
			productType = "com.apple.product-type.application";
		};
/* End PBXNativeTarget section */

/* Begin PBXProject section */
		3A74F14629436B53004C860E /* Project object */ = {
			isa = PBXProject;
			attributes = {
				BuildIndependentTargetsInParallel = 1;
				LastSwiftUpdateCheck = 1400;
				LastUpgradeCheck = 1400;
				TargetAttributes = {
					3A74F14D29436B53004C860E = {
						CreatedOnToolsVersion = 14.0;
					};
				};
			};
			buildConfigurationList = 3A74F14929436B53004C860E /* Build configuration list for PBXProject "HorizantallyScroll" */;
			compatibilityVersion = "Xcode 14.0";
			developmentRegion = en;
			hasScannedForEncodings = 0;
			knownRegions = (
				en,
				Base,
			);
			mainGroup = 3A74F14529436B53004C860E;
			productRefGroup = 3A74F14F29436B53004C860E /* Products */;
			projectDirPath = "";
			projectRoot = "";
			targets = (
				3A74F14D29436B53004C860E /* HorizantallyScroll */,
			);
		};
/* End PBXProject section */

/* Begin PBXResourcesBuildPhase section */
		3A74F14C29436B53004C860E /* Resources */ = {
			isa = PBXResourcesBuildPhase;
			buildActionMask = 2147483647;
			files = (
				3A74F16E29436CEF004C860E /* MyCollectionViewCell.xib in Resources */,
				3A74F15E29436B5A004C860E /* LaunchScreen.storyboard in Resources */,
				3A74F15B29436B5A004C860E /* Assets.xcassets in Resources */,
				3A74F15929436B53004C860E /* Main.storyboard in Resources */,
				3A74F16A29436CD4004C860E /* CollectionTableViewCell.xib in Resources */,
			);
			runOnlyForDeploymentPostprocessing = 0;
		};
/* End PBXResourcesBuildPhase section */

/* Begin PBXSourcesBuildPhase section */
		3A74F14A29436B53004C860E /* Sources */ = {
			isa = PBXSourcesBuildPhase;
			buildActionMask = 2147483647;
			files = (
				3A74F15629436B53004C860E /* ViewController.swift in Sources */,
				3A74F16D29436CEF004C860E /* MyCollectionViewCell.swift in Sources */,
				3A74F15229436B53004C860E /* AppDelegate.swift in Sources */,
				3A74F15429436B53004C860E /* SceneDelegate.swift in Sources */,
				3A74F16929436CD4004C860E /* CollectionTableViewCell.swift in Sources */,
			);
			runOnlyForDeploymentPostprocessing = 0;
		};
/* End PBXSourcesBuildPhase section */

/* Begin PBXVariantGroup section */
		3A74F15729436B53004C860E /* Main.storyboard */ = {
			isa = PBXVariantGroup;
			children = (
				3A74F15829436B53004C860E /* Base */,
			);
			name = Main.storyboard;
			sourceTree = "<group>";
		};
		3A74F15C29436B5A004C860E /* LaunchScreen.storyboard */ = {
			isa = PBXVariantGroup;
			children = (
				3A74F15D29436B5A004C860E /* Base */,
			);
			name = LaunchScreen.storyboard;
			sourceTree = "<group>";
		};
/* End PBXVariantGroup section */

/* Begin XCBuildConfiguration section */
		3A74F16029436B5A004C860E /* Debug */ = {
			isa = XCBuildConfiguration;
			buildSettings = {
				ALWAYS_SEARCH_USER_PATHS = NO;
				CLANG_ANALYZER_NONNULL = YES;
				CLANG_ANALYZER_NUMBER_OBJECT_CONVERSION = YES_AGGRESSIVE;
				CLANG_CXX_LANGUAGE_STANDARD = "gnu++20";
				CLANG_ENABLE_MODULES = YES;
				CLANG_ENABLE_OBJC_ARC = YES;
				CLANG_ENABLE_OBJC_WEAK = YES;
				CLANG_WARN_BLOCK_CAPTURE_AUTORELEASING = YES;
				CLANG_WARN_BOOL_CONVERSION = YES;
				CLANG_WARN_COMMA = YES;
				CLANG_WARN_CONSTANT_CONVERSION = YES;
				CLANG_WARN_DEPRECATED_OBJC_IMPLEMENTATIONS = YES;
				CLANG_WARN_DIRECT_OBJC_ISA_USAGE = YES_ERROR;
				CLANG_WARN_DOCUMENTATION_COMMENTS = YES;
				CLANG_WARN_EMPTY_BODY = YES;
				CLANG_WARN_ENUM_CONVERSION = YES;
				CLANG_WARN_INFINITE_RECURSION = YES;
				CLANG_WARN_INT_CONVERSION = YES;
				CLANG_WARN_NON_LITERAL_NULL_CONVERSION = YES;
				CLANG_WARN_OBJC_IMPLICIT_RETAIN_SELF = YES;
				CLANG_WARN_OBJC_LITERAL_CONVERSION = YES;
				CLANG_WARN_OBJC_ROOT_CLASS = YES_ERROR;
				CLANG_WARN_QUOTED_INCLUDE_IN_FRAMEWORK_HEADER = YES;
				CLANG_WARN_RANGE_LOOP_ANALYSIS = YES;
				CLANG_WARN_STRICT_PROTOTYPES = YES;
				CLANG_WARN_SUSPICIOUS_MOVE = YES;
				CLANG_WARN_UNGUARDED_AVAILABILITY = YES_AGGRESSIVE;
				CLANG_WARN_UNREACHABLE_CODE = YES;
				CLANG_WARN__DUPLICATE_METHOD_MATCH = YES;
				COPY_PHASE_STRIP = NO;
				DEBUG_INFORMATION_FORMAT = dwarf;
				ENABLE_STRICT_OBJC_MSGSEND = YES;
				ENABLE_TESTABILITY = YES;
				GCC_C_LANGUAGE_STANDARD = gnu11;
				GCC_DYNAMIC_NO_PIC = NO;
				GCC_NO_COMMON_BLOCKS = YES;
				GCC_OPTIMIZATION_LEVEL = 0;
				GCC_PREPROCESSOR_DEFINITIONS = (
					"DEBUG=1",
					"$(inherited)",
				);
				GCC_WARN_64_TO_32_BIT_CONVERSION = YES;
				GCC_WARN_ABOUT_RETURN_TYPE = YES_ERROR;
				GCC_WARN_UNDECLARED_SELECTOR = YES;
				GCC_WARN_UNINITIALIZED_AUTOS = YES_AGGRESSIVE;
				GCC_WARN_UNUSED_FUNCTION = YES;
				GCC_WARN_UNUSED_VARIABLE = YES;
				IPHONEOS_DEPLOYMENT_TARGET = 16.0;
				MTL_ENABLE_DEBUG_INFO = INCLUDE_SOURCE;
				MTL_FAST_MATH = YES;
				ONLY_ACTIVE_ARCH = YES;
				SDKROOT = iphoneos;
				SWIFT_ACTIVE_COMPILATION_CONDITIONS = DEBUG;
				SWIFT_OPTIMIZATION_LEVEL = "-Onone";
			};
			name = Debug;
		};
		3A74F16129436B5A004C860E /* Release */ = {
			isa = XCBuildConfiguration;
			buildSettings = {
				ALWAYS_SEARCH_USER_PATHS = NO;
				CLANG_ANALYZER_NONNULL = YES;
				CLANG_ANALYZER_NUMBER_OBJECT_CONVERSION = YES_AGGRESSIVE;
				CLANG_CXX_LANGUAGE_STANDARD = "gnu++20";
				CLANG_ENABLE_MODULES = YES;
				CLANG_ENABLE_OBJC_ARC = YES;
				CLANG_ENABLE_OBJC_WEAK = YES;
				CLANG_WARN_BLOCK_CAPTURE_AUTORELEASING = YES;
				CLANG_WARN_BOOL_CONVERSION = YES;
				CLANG_WARN_COMMA = YES;
				CLANG_WARN_CONSTANT_CONVERSION = YES;
				CLANG_WARN_DEPRECATED_OBJC_IMPLEMENTATIONS = YES;
				CLANG_WARN_DIRECT_OBJC_ISA_USAGE = YES_ERROR;
				CLANG_WARN_DOCUMENTATION_COMMENTS = YES;
				CLANG_WARN_EMPTY_BODY = YES;
				CLANG_WARN_ENUM_CONVERSION = YES;
				CLANG_WARN_INFINITE_RECURSION = YES;
				CLANG_WARN_INT_CONVERSION = YES;
				CLANG_WARN_NON_LITERAL_NULL_CONVERSION = YES;
				CLANG_WARN_OBJC_IMPLICIT_RETAIN_SELF = YES;
				CLANG_WARN_OBJC_LITERAL_CONVERSION = YES;
				CLANG_WARN_OBJC_ROOT_CLASS = YES_ERROR;
				CLANG_WARN_QUOTED_INCLUDE_IN_FRAMEWORK_HEADER = YES;
				CLANG_WARN_RANGE_LOOP_ANALYSIS = YES;
				CLANG_WARN_STRICT_PROTOTYPES = YES;
				CLANG_WARN_SUSPICIOUS_MOVE = YES;
				CLANG_WARN_UNGUARDED_AVAILABILITY = YES_AGGRESSIVE;
				CLANG_WARN_UNREACHABLE_CODE = YES;
				CLANG_WARN__DUPLICATE_METHOD_MATCH = YES;
				COPY_PHASE_STRIP = NO;
				DEBUG_INFORMATION_FORMAT = "dwarf-with-dsym";
				ENABLE_NS_ASSERTIONS = NO;
				ENABLE_STRICT_OBJC_MSGSEND = YES;
				GCC_C_LANGUAGE_STANDARD = gnu11;
				GCC_NO_COMMON_BLOCKS = YES;
				GCC_WARN_64_TO_32_BIT_CONVERSION = YES;
				GCC_WARN_ABOUT_RETURN_TYPE = YES_ERROR;
				GCC_WARN_UNDECLARED_SELECTOR = YES;
				GCC_WARN_UNINITIALIZED_AUTOS = YES_AGGRESSIVE;
				GCC_WARN_UNUSED_FUNCTION = YES;
				GCC_WARN_UNUSED_VARIABLE = YES;
				IPHONEOS_DEPLOYMENT_TARGET = 16.0;
				MTL_ENABLE_DEBUG_INFO = NO;
				MTL_FAST_MATH = YES;
				SDKROOT = iphoneos;
				SWIFT_COMPILATION_MODE = wholemodule;
				SWIFT_OPTIMIZATION_LEVEL = "-O";
				VALIDATE_PRODUCT = YES;
			};
			name = Release;
		};
		3A74F16329436B5A004C860E /* Debug */ = {
			isa = XCBuildConfiguration;
			buildSettings = {
				ASSETCATALOG_COMPILER_APPICON_NAME = AppIcon;
				ASSETCATALOG_COMPILER_GLOBAL_ACCENT_COLOR_NAME = AccentColor;
				CODE_SIGN_STYLE = Automatic;
				CURRENT_PROJECT_VERSION = 1;
				DEVELOPMENT_TEAM = 3HZ53JDS9P;
				GENERATE_INFOPLIST_FILE = YES;
				INFOPLIST_FILE = HorizantallyScroll/Info.plist;
				INFOPLIST_KEY_UIApplicationSupportsIndirectInputEvents = YES;
				INFOPLIST_KEY_UILaunchStoryboardName = LaunchScreen;
				INFOPLIST_KEY_UIMainStoryboardFile = Main;
				INFOPLIST_KEY_UISupportedInterfaceOrientations_iPad = "UIInterfaceOrientationPortrait UIInterfaceOrientationPortraitUpsideDown UIInterfaceOrientationLandscapeLeft UIInterfaceOrientationLandscapeRight";
				INFOPLIST_KEY_UISupportedInterfaceOrientations_iPhone = "UIInterfaceOrientationPortrait UIInterfaceOrientationLandscapeLeft UIInterfaceOrientationLandscapeRight";
				LD_RUNPATH_SEARCH_PATHS = (
					"$(inherited)",
					"@executable_path/Frameworks",
				);
				MARKETING_VERSION = 1.0;
				PRODUCT_BUNDLE_IDENTIFIER = com.Emre.HorizantallyScroll;
				PRODUCT_NAME = "$(TARGET_NAME)";
				SWIFT_EMIT_LOC_STRINGS = YES;
				SWIFT_VERSION = 5.0;
				TARGETED_DEVICE_FAMILY = "1,2";
			};
			name = Debug;
		};
		3A74F16429436B5A004C860E /* Release */ = {
			isa = XCBuildConfiguration;
			buildSettings = {
				ASSETCATALOG_COMPILER_APPICON_NAME = AppIcon;
				ASSETCATALOG_COMPILER_GLOBAL_ACCENT_COLOR_NAME = AccentColor;
				CODE_SIGN_STYLE = Automatic;
				CURRENT_PROJECT_VERSION = 1;
				DEVELOPMENT_TEAM = 3HZ53JDS9P;
				GENERATE_INFOPLIST_FILE = YES;
				INFOPLIST_FILE = HorizantallyScroll/Info.plist;
				INFOPLIST_KEY_UIApplicationSupportsIndirectInputEvents = YES;
				INFOPLIST_KEY_UILaunchStoryboardName = LaunchScreen;
				INFOPLIST_KEY_UIMainStoryboardFile = Main;
				INFOPLIST_KEY_UISupportedInterfaceOrientations_iPad = "UIInterfaceOrientationPortrait UIInterfaceOrientationPortraitUpsideDown UIInterfaceOrientationLandscapeLeft UIInterfaceOrientationLandscapeRight";
				INFOPLIST_KEY_UISupportedInterfaceOrientations_iPhone = "UIInterfaceOrientationPortrait UIInterfaceOrientationLandscapeLeft UIInterfaceOrientationLandscapeRight";
				LD_RUNPATH_SEARCH_PATHS = (
					"$(inherited)",
					"@executable_path/Frameworks",
				);
				MARKETING_VERSION = 1.0;
				PRODUCT_BUNDLE_IDENTIFIER = com.Emre.HorizantallyScroll;
				PRODUCT_NAME = "$(TARGET_NAME)";
				SWIFT_EMIT_LOC_STRINGS = YES;
				SWIFT_VERSION = 5.0;
				TARGETED_DEVICE_FAMILY = "1,2";
			};
			name = Release;
		};
/* End XCBuildConfiguration section */

/* Begin XCConfigurationList section */
		3A74F14929436B53004C860E /* Build configuration list for PBXProject "HorizantallyScroll" */ = {
			isa = XCConfigurationList;
			buildConfigurations = (
				3A74F16029436B5A004C860E /* Debug */,
				3A74F16129436B5A004C860E /* Release */,
			);
			defaultConfigurationIsVisible = 0;
			defaultConfigurationName = Release;
		};
		3A74F16229436B5A004C860E /* Build configuration list for PBXNativeTarget "HorizantallyScroll" */ = {
			isa = XCConfigurationList;
			buildConfigurations = (
				3A74F16329436B5A004C860E /* Debug */,
				3A74F16429436B5A004C860E /* Release */,
			);
			defaultConfigurationIsVisible = 0;
			defaultConfigurationName = Release;
		};
/* End XCConfigurationList section */
	};
	rootObject = 3A74F14629436B53004C860E /* Project object */;
}
