// !$*UTF8*$!
{
	archiveVersion = 1;
	classes = {
	};
	objectVersion = 56;
	objects = {

/* Begin PBXBuildFile section */
		3A3E710A29994F1900D8FC54 /* Implement_unit_testApp.swift in Sources */ = {isa = PBXBuildFile; fileRef = 3A3E710929994F1900D8FC54 /* Implement_unit_testApp.swift */; };
		3A3E710C29994F1900D8FC54 /* ContentView.swift in Sources */ = {isa = PBXBuildFile; fileRef = 3A3E710B29994F1900D8FC54 /* ContentView.swift */; };
		3A3E710E29994F1F00D8FC54 /* Assets.xcassets in Resources */ = {isa = PBXBuildFile; fileRef = 3A3E710D29994F1F00D8FC54 /* Assets.xcassets */; };
		3A3E711129994F1F00D8FC54 /* Preview Assets.xcassets in Resources */ = {isa = PBXBuildFile; fileRef = 3A3E711029994F1F00D8FC54 /* Preview Assets.xcassets */; };
		3A3E711B29994F2000D8FC54 /* Implement_unit_testTests.swift in Sources */ = {isa = PBXBuildFile; fileRef = 3A3E711A29994F2000D8FC54 /* Implement_unit_testTests.swift */; };
		3A3E712529994F2000D8FC54 /* Implement_unit_testUITests.swift in Sources */ = {isa = PBXBuildFile; fileRef = 3A3E712429994F2000D8FC54 /* Implement_unit_testUITests.swift */; };
		3A3E712729994F2000D8FC54 /* Implement_unit_testUITestsLaunchTests.swift in Sources */ = {isa = PBXBuildFile; fileRef = 3A3E712629994F2000D8FC54 /* Implement_unit_testUITestsLaunchTests.swift */; };
		3A3E71342999540B00D8FC54 /* Checkout.swift in Sources */ = {isa = PBXBuildFile; fileRef = 3A3E71332999540B00D8FC54 /* Checkout.swift */; };
/* End PBXBuildFile section */

/* Begin PBXContainerItemProxy section */
		3A3E711729994F2000D8FC54 /* PBXContainerItemProxy */ = {
			isa = PBXContainerItemProxy;
			containerPortal = 3A3E70FE29994F1800D8FC54 /* Project object */;
			proxyType = 1;
			remoteGlobalIDString = 3A3E710529994F1800D8FC54;
			remoteInfo = Implement.unit.test;
		};
		3A3E712129994F2000D8FC54 /* PBXContainerItemProxy */ = {
			isa = PBXContainerItemProxy;
			containerPortal = 3A3E70FE29994F1800D8FC54 /* Project object */;
			proxyType = 1;
			remoteGlobalIDString = 3A3E710529994F1800D8FC54;
			remoteInfo = Implement.unit.test;
		};
/* End PBXContainerItemProxy section */

/* Begin PBXFileReference section */
		3A3E710629994F1900D8FC54 /* Implement.unit.test.app */ = {isa = PBXFileReference; explicitFileType = wrapper.application; includeInIndex = 0; path = Implement.unit.test.app; sourceTree = BUILT_PRODUCTS_DIR; };
		3A3E710929994F1900D8FC54 /* Implement_unit_testApp.swift */ = {isa = PBXFileReference; lastKnownFileType = sourcecode.swift; path = Implement_unit_testApp.swift; sourceTree = "<group>"; };
		3A3E710B29994F1900D8FC54 /* ContentView.swift */ = {isa = PBXFileReference; lastKnownFileType = sourcecode.swift; path = ContentView.swift; sourceTree = "<group>"; };
		3A3E710D29994F1F00D8FC54 /* Assets.xcassets */ = {isa = PBXFileReference; lastKnownFileType = folder.assetcatalog; path = Assets.xcassets; sourceTree = "<group>"; };
		3A3E711029994F1F00D8FC54 /* Preview Assets.xcassets */ = {isa = PBXFileReference; lastKnownFileType = folder.assetcatalog; path = "Preview Assets.xcassets"; sourceTree = "<group>"; };
		3A3E711629994F2000D8FC54 /* Implement.unit.testTests.xctest */ = {isa = PBXFileReference; explicitFileType = wrapper.cfbundle; includeInIndex = 0; path = Implement.unit.testTests.xctest; sourceTree = BUILT_PRODUCTS_DIR; };
		3A3E711A29994F2000D8FC54 /* Implement_unit_testTests.swift */ = {isa = PBXFileReference; lastKnownFileType = sourcecode.swift; path = Implement_unit_testTests.swift; sourceTree = "<group>"; };
		3A3E712029994F2000D8FC54 /* Implement.unit.testUITests.xctest */ = {isa = PBXFileReference; explicitFileType = wrapper.cfbundle; includeInIndex = 0; path = Implement.unit.testUITests.xctest; sourceTree = BUILT_PRODUCTS_DIR; };
		3A3E712429994F2000D8FC54 /* Implement_unit_testUITests.swift */ = {isa = PBXFileReference; lastKnownFileType = sourcecode.swift; path = Implement_unit_testUITests.swift; sourceTree = "<group>"; };
		3A3E712629994F2000D8FC54 /* Implement_unit_testUITestsLaunchTests.swift */ = {isa = PBXFileReference; lastKnownFileType = sourcecode.swift; path = Implement_unit_testUITestsLaunchTests.swift; sourceTree = "<group>"; };
		3A3E71332999540B00D8FC54 /* Checkout.swift */ = {isa = PBXFileReference; lastKnownFileType = sourcecode.swift; path = Checkout.swift; sourceTree = "<group>"; };
/* End PBXFileReference section */

/* Begin PBXFrameworksBuildPhase section */
		3A3E710329994F1800D8FC54 /* Frameworks */ = {
			isa = PBXFrameworksBuildPhase;
			buildActionMask = 2147483647;
			files = (
			);
			runOnlyForDeploymentPostprocessing = 0;
		};
		3A3E711329994F2000D8FC54 /* Frameworks */ = {
			isa = PBXFrameworksBuildPhase;
			buildActionMask = 2147483647;
			files = (
			);
			runOnlyForDeploymentPostprocessing = 0;
		};
		3A3E711D29994F2000D8FC54 /* Frameworks */ = {
			isa = PBXFrameworksBuildPhase;
			buildActionMask = 2147483647;
			files = (
			);
			runOnlyForDeploymentPostprocessing = 0;
		};
/* End PBXFrameworksBuildPhase section */

/* Begin PBXGroup section */
		3A3E70FD29994F1800D8FC54 = {
			isa = PBXGroup;
			children = (
				3A3E710829994F1900D8FC54 /* Implement.unit.test */,
				3A3E711929994F2000D8FC54 /* Implement.unit.testTests */,
				3A3E712329994F2000D8FC54 /* Implement.unit.testUITests */,
				3A3E710729994F1900D8FC54 /* Products */,
			);
			sourceTree = "<group>";
		};
		3A3E710729994F1900D8FC54 /* Products */ = {
			isa = PBXGroup;
			children = (
				3A3E710629994F1900D8FC54 /* Implement.unit.test.app */,
				3A3E711629994F2000D8FC54 /* Implement.unit.testTests.xctest */,
				3A3E712029994F2000D8FC54 /* Implement.unit.testUITests.xctest */,
			);
			name = Products;
			sourceTree = "<group>";
		};
		3A3E710829994F1900D8FC54 /* Implement.unit.test */ = {
			isa = PBXGroup;
			children = (
				3A3E71332999540B00D8FC54 /* Checkout.swift */,
				3A3E710929994F1900D8FC54 /* Implement_unit_testApp.swift */,
				3A3E710B29994F1900D8FC54 /* ContentView.swift */,
				3A3E710D29994F1F00D8FC54 /* Assets.xcassets */,
				3A3E710F29994F1F00D8FC54 /* Preview Content */,
			);
			path = Implement.unit.test;
			sourceTree = "<group>";
		};
		3A3E710F29994F1F00D8FC54 /* Preview Content */ = {
			isa = PBXGroup;
			children = (
				3A3E711029994F1F00D8FC54 /* Preview Assets.xcassets */,
			);
			path = "Preview Content";
			sourceTree = "<group>";
		};
		3A3E711929994F2000D8FC54 /* Implement.unit.testTests */ = {
			isa = PBXGroup;
			children = (
				3A3E711A29994F2000D8FC54 /* Implement_unit_testTests.swift */,
			);
			path = Implement.unit.testTests;
			sourceTree = "<group>";
		};
		3A3E712329994F2000D8FC54 /* Implement.unit.testUITests */ = {
			isa = PBXGroup;
			children = (
				3A3E712429994F2000D8FC54 /* Implement_unit_testUITests.swift */,
				3A3E712629994F2000D8FC54 /* Implement_unit_testUITestsLaunchTests.swift */,
			);
			path = Implement.unit.testUITests;
			sourceTree = "<group>";
		};
/* End PBXGroup section */

/* Begin PBXNativeTarget section */
		3A3E710529994F1800D8FC54 /* Implement.unit.test */ = {
			isa = PBXNativeTarget;
			buildConfigurationList = 3A3E712A29994F2000D8FC54 /* Build configuration list for PBXNativeTarget "Implement.unit.test" */;
			buildPhases = (
				3A3E710229994F1800D8FC54 /* Sources */,
				3A3E710329994F1800D8FC54 /* Frameworks */,
				3A3E710429994F1800D8FC54 /* Resources */,
			);
			buildRules = (
			);
			dependencies = (
			);
			name = Implement.unit.test;
			productName = Implement.unit.test;
			productReference = 3A3E710629994F1900D8FC54 /* Implement.unit.test.app */;
			productType = "com.apple.product-type.application";
		};
		3A3E711529994F2000D8FC54 /* Implement.unit.testTests */ = {
			isa = PBXNativeTarget;
			buildConfigurationList = 3A3E712D29994F2000D8FC54 /* Build configuration list for PBXNativeTarget "Implement.unit.testTests" */;
			buildPhases = (
				3A3E711229994F2000D8FC54 /* Sources */,
				3A3E711329994F2000D8FC54 /* Frameworks */,
				3A3E711429994F2000D8FC54 /* Resources */,
			);
			buildRules = (
			);
			dependencies = (
				3A3E711829994F2000D8FC54 /* PBXTargetDependency */,
			);
			name = Implement.unit.testTests;
			productName = Implement.unit.testTests;
			productReference = 3A3E711629994F2000D8FC54 /* Implement.unit.testTests.xctest */;
			productType = "com.apple.product-type.bundle.unit-test";
		};
		3A3E711F29994F2000D8FC54 /* Implement.unit.testUITests */ = {
			isa = PBXNativeTarget;
			buildConfigurationList = 3A3E713029994F2000D8FC54 /* Build configuration list for PBXNativeTarget "Implement.unit.testUITests" */;
			buildPhases = (
				3A3E711C29994F2000D8FC54 /* Sources */,
				3A3E711D29994F2000D8FC54 /* Frameworks */,
				3A3E711E29994F2000D8FC54 /* Resources */,
			);
			buildRules = (
			);
			dependencies = (
				3A3E712229994F2000D8FC54 /* PBXTargetDependency */,
			);
			name = Implement.unit.testUITests;
			productName = Implement.unit.testUITests;
			productReference = 3A3E712029994F2000D8FC54 /* Implement.unit.testUITests.xctest */;
			productType = "com.apple.product-type.bundle.ui-testing";
		};
/* End PBXNativeTarget section */

/* Begin PBXProject section */
		3A3E70FE29994F1800D8FC54 /* Project object */ = {
			isa = PBXProject;
			attributes = {
				BuildIndependentTargetsInParallel = 1;
				LastSwiftUpdateCheck = 1400;
				LastUpgradeCheck = 1400;
				TargetAttributes = {
					3A3E710529994F1800D8FC54 = {
						CreatedOnToolsVersion = 14.0;
					};
					3A3E711529994F2000D8FC54 = {
						CreatedOnToolsVersion = 14.0;
						TestTargetID = 3A3E710529994F1800D8FC54;
					};
					3A3E711F29994F2000D8FC54 = {
						CreatedOnToolsVersion = 14.0;
						TestTargetID = 3A3E710529994F1800D8FC54;
					};
				};
			};
			buildConfigurationList = 3A3E710129994F1800D8FC54 /* Build configuration list for PBXProject "Implement.unit.test" */;
			compatibilityVersion = "Xcode 14.0";
			developmentRegion = en;
			hasScannedForEncodings = 0;
			knownRegions = (
				en,
				Base,
			);
			mainGroup = 3A3E70FD29994F1800D8FC54;
			productRefGroup = 3A3E710729994F1900D8FC54 /* Products */;
			projectDirPath = "";
			projectRoot = "";
			targets = (
				3A3E710529994F1800D8FC54 /* Implement.unit.test */,
				3A3E711529994F2000D8FC54 /* Implement.unit.testTests */,
				3A3E711F29994F2000D8FC54 /* Implement.unit.testUITests */,
			);
		};
/* End PBXProject section */

/* Begin PBXResourcesBuildPhase section */
		3A3E710429994F1800D8FC54 /* Resources */ = {
			isa = PBXResourcesBuildPhase;
			buildActionMask = 2147483647;
			files = (
				3A3E711129994F1F00D8FC54 /* Preview Assets.xcassets in Resources */,
				3A3E710E29994F1F00D8FC54 /* Assets.xcassets in Resources */,
			);
			runOnlyForDeploymentPostprocessing = 0;
		};
		3A3E711429994F2000D8FC54 /* Resources */ = {
			isa = PBXResourcesBuildPhase;
			buildActionMask = 2147483647;
			files = (
			);
			runOnlyForDeploymentPostprocessing = 0;
		};
		3A3E711E29994F2000D8FC54 /* Resources */ = {
			isa = PBXResourcesBuildPhase;
			buildActionMask = 2147483647;
			files = (
			);
			runOnlyForDeploymentPostprocessing = 0;
		};
/* End PBXResourcesBuildPhase section */

/* Begin PBXSourcesBuildPhase section */
		3A3E710229994F1800D8FC54 /* Sources */ = {
			isa = PBXSourcesBuildPhase;
			buildActionMask = 2147483647;
			files = (
				3A3E71342999540B00D8FC54 /* Checkout.swift in Sources */,
				3A3E710C29994F1900D8FC54 /* ContentView.swift in Sources */,
				3A3E710A29994F1900D8FC54 /* Implement_unit_testApp.swift in Sources */,
			);
			runOnlyForDeploymentPostprocessing = 0;
		};
		3A3E711229994F2000D8FC54 /* Sources */ = {
			isa = PBXSourcesBuildPhase;
			buildActionMask = 2147483647;
			files = (
				3A3E711B29994F2000D8FC54 /* Implement_unit_testTests.swift in Sources */,
			);
			runOnlyForDeploymentPostprocessing = 0;
		};
		3A3E711C29994F2000D8FC54 /* Sources */ = {
			isa = PBXSourcesBuildPhase;
			buildActionMask = 2147483647;
			files = (
				3A3E712729994F2000D8FC54 /* Implement_unit_testUITestsLaunchTests.swift in Sources */,
				3A3E712529994F2000D8FC54 /* Implement_unit_testUITests.swift in Sources */,
			);
			runOnlyForDeploymentPostprocessing = 0;
		};
/* End PBXSourcesBuildPhase section */

/* Begin PBXTargetDependency section */
		3A3E711829994F2000D8FC54 /* PBXTargetDependency */ = {
			isa = PBXTargetDependency;
			target = 3A3E710529994F1800D8FC54 /* Implement.unit.test */;
			targetProxy = 3A3E711729994F2000D8FC54 /* PBXContainerItemProxy */;
		};
		3A3E712229994F2000D8FC54 /* PBXTargetDependency */ = {
			isa = PBXTargetDependency;
			target = 3A3E710529994F1800D8FC54 /* Implement.unit.test */;
			targetProxy = 3A3E712129994F2000D8FC54 /* PBXContainerItemProxy */;
		};
/* End PBXTargetDependency section */

/* Begin XCBuildConfiguration section */
		3A3E712829994F2000D8FC54 /* Debug */ = {
			isa = XCBuildConfiguration;
			buildSettings = {
				ALWAYS_SEARCH_USER_PATHS = NO;
				CLANG_ANALYZER_NONNULL = YES;
				CLANG_ANALYZER_NUMBER_OBJECT_CONVERSION = YES_AGGRESSIVE;
				CLANG_CXX_LANGUAGE_STANDARD = "gnu++20";
				CLANG_ENABLE_MODULES = YES;
				CLANG_ENABLE_OBJC_ARC = YES;
				CLANG_ENABLE_OBJC_WEAK = YES;
				CLANG_WARN_BLOCK_CAPTURE_AUTORELEASING = YES;
				CLANG_WARN_BOOL_CONVERSION = YES;
				CLANG_WARN_COMMA = YES;
				CLANG_WARN_CONSTANT_CONVERSION = YES;
				CLANG_WARN_DEPRECATED_OBJC_IMPLEMENTATIONS = YES;
				CLANG_WARN_DIRECT_OBJC_ISA_USAGE = YES_ERROR;
				CLANG_WARN_DOCUMENTATION_COMMENTS = YES;
				CLANG_WARN_EMPTY_BODY = YES;
				CLANG_WARN_ENUM_CONVERSION = YES;
				CLANG_WARN_INFINITE_RECURSION = YES;
				CLANG_WARN_INT_CONVERSION = YES;
				CLANG_WARN_NON_LITERAL_NULL_CONVERSION = YES;
				CLANG_WARN_OBJC_IMPLICIT_RETAIN_SELF = YES;
				CLANG_WARN_OBJC_LITERAL_CONVERSION = YES;
				CLANG_WARN_OBJC_ROOT_CLASS = YES_ERROR;
				CLANG_WARN_QUOTED_INCLUDE_IN_FRAMEWORK_HEADER = YES;
				CLANG_WARN_RANGE_LOOP_ANALYSIS = YES;
				CLANG_WARN_STRICT_PROTOTYPES = YES;
				CLANG_WARN_SUSPICIOUS_MOVE = YES;
				CLANG_WARN_UNGUARDED_AVAILABILITY = YES_AGGRESSIVE;
				CLANG_WARN_UNREACHABLE_CODE = YES;
				CLANG_WARN__DUPLICATE_METHOD_MATCH = YES;
				COPY_PHASE_STRIP = NO;
				DEBUG_INFORMATION_FORMAT = dwarf;
				ENABLE_STRICT_OBJC_MSGSEND = YES;
				ENABLE_TESTABILITY = YES;
				GCC_C_LANGUAGE_STANDARD = gnu11;
				GCC_DYNAMIC_NO_PIC = NO;
				GCC_NO_COMMON_BLOCKS = YES;
				GCC_OPTIMIZATION_LEVEL = 0;
				GCC_PREPROCESSOR_DEFINITIONS = (
					"DEBUG=1",
					"$(inherited)",
				);
				GCC_WARN_64_TO_32_BIT_CONVERSION = YES;
				GCC_WARN_ABOUT_RETURN_TYPE = YES_ERROR;
				GCC_WARN_UNDECLARED_SELECTOR = YES;
				GCC_WARN_UNINITIALIZED_AUTOS = YES_AGGRESSIVE;
				GCC_WARN_UNUSED_FUNCTION = YES;
				GCC_WARN_UNUSED_VARIABLE = YES;
				IPHONEOS_DEPLOYMENT_TARGET = 16.0;
				MTL_ENABLE_DEBUG_INFO = INCLUDE_SOURCE;
				MTL_FAST_MATH = YES;
				ONLY_ACTIVE_ARCH = YES;
				SDKROOT = iphoneos;
				SWIFT_ACTIVE_COMPILATION_CONDITIONS = DEBUG;
				SWIFT_OPTIMIZATION_LEVEL = "-Onone";
			};
			name = Debug;
		};
		3A3E712929994F2000D8FC54 /* Release */ = {
			isa = XCBuildConfiguration;
			buildSettings = {
				ALWAYS_SEARCH_USER_PATHS = NO;
				CLANG_ANALYZER_NONNULL = YES;
				CLANG_ANALYZER_NUMBER_OBJECT_CONVERSION = YES_AGGRESSIVE;
				CLANG_CXX_LANGUAGE_STANDARD = "gnu++20";
				CLANG_ENABLE_MODULES = YES;
				CLANG_ENABLE_OBJC_ARC = YES;
				CLANG_ENABLE_OBJC_WEAK = YES;
				CLANG_WARN_BLOCK_CAPTURE_AUTORELEASING = YES;
				CLANG_WARN_BOOL_CONVERSION = YES;
				CLANG_WARN_COMMA = YES;
				CLANG_WARN_CONSTANT_CONVERSION = YES;
				CLANG_WARN_DEPRECATED_OBJC_IMPLEMENTATIONS = YES;
				CLANG_WARN_DIRECT_OBJC_ISA_USAGE = YES_ERROR;
				CLANG_WARN_DOCUMENTATION_COMMENTS = YES;
				CLANG_WARN_EMPTY_BODY = YES;
				CLANG_WARN_ENUM_CONVERSION = YES;
				CLANG_WARN_INFINITE_RECURSION = YES;
				CLANG_WARN_INT_CONVERSION = YES;
				CLANG_WARN_NON_LITERAL_NULL_CONVERSION = YES;
				CLANG_WARN_OBJC_IMPLICIT_RETAIN_SELF = YES;
				CLANG_WARN_OBJC_LITERAL_CONVERSION = YES;
				CLANG_WARN_OBJC_ROOT_CLASS = YES_ERROR;
				CLANG_WARN_QUOTED_INCLUDE_IN_FRAMEWORK_HEADER = YES;
				CLANG_WARN_RANGE_LOOP_ANALYSIS = YES;
				CLANG_WARN_STRICT_PROTOTYPES = YES;
				CLANG_WARN_SUSPICIOUS_MOVE = YES;
				CLANG_WARN_UNGUARDED_AVAILABILITY = YES_AGGRESSIVE;
				CLANG_WARN_UNREACHABLE_CODE = YES;
				CLANG_WARN__DUPLICATE_METHOD_MATCH = YES;
				COPY_PHASE_STRIP = NO;
				DEBUG_INFORMATION_FORMAT = "dwarf-with-dsym";
				ENABLE_NS_ASSERTIONS = NO;
				ENABLE_STRICT_OBJC_MSGSEND = YES;
				GCC_C_LANGUAGE_STANDARD = gnu11;
				GCC_NO_COMMON_BLOCKS = YES;
				GCC_WARN_64_TO_32_BIT_CONVERSION = YES;
				GCC_WARN_ABOUT_RETURN_TYPE = YES_ERROR;
				GCC_WARN_UNDECLARED_SELECTOR = YES;
				GCC_WARN_UNINITIALIZED_AUTOS = YES_AGGRESSIVE;
				GCC_WARN_UNUSED_FUNCTION = YES;
				GCC_WARN_UNUSED_VARIABLE = YES;
				IPHONEOS_DEPLOYMENT_TARGET = 16.0;
				MTL_ENABLE_DEBUG_INFO = NO;
				MTL_FAST_MATH = YES;
				SDKROOT = iphoneos;
				SWIFT_COMPILATION_MODE = wholemodule;
				SWIFT_OPTIMIZATION_LEVEL = "-O";
				VALIDATE_PRODUCT = YES;
			};
			name = Release;
		};
		3A3E712B29994F2000D8FC54 /* Debug */ = {
			isa = XCBuildConfiguration;
			buildSettings = {
				ASSETCATALOG_COMPILER_APPICON_NAME = AppIcon;
				ASSETCATALOG_COMPILER_GLOBAL_ACCENT_COLOR_NAME = AccentColor;
				CODE_SIGN_STYLE = Automatic;
				CURRENT_PROJECT_VERSION = 1;
				DEVELOPMENT_ASSET_PATHS = "\"Implement.unit.test/Preview Content\"";
				DEVELOPMENT_TEAM = 3HZ53JDS9P;
				ENABLE_PREVIEWS = YES;
				GENERATE_INFOPLIST_FILE = YES;
				INFOPLIST_KEY_UIApplicationSceneManifest_Generation = YES;
				INFOPLIST_KEY_UIApplicationSupportsIndirectInputEvents = YES;
				INFOPLIST_KEY_UILaunchScreen_Generation = YES;
				INFOPLIST_KEY_UISupportedInterfaceOrientations_iPad = "UIInterfaceOrientationPortrait UIInterfaceOrientationPortraitUpsideDown UIInterfaceOrientationLandscapeLeft UIInterfaceOrientationLandscapeRight";
				INFOPLIST_KEY_UISupportedInterfaceOrientations_iPhone = "UIInterfaceOrientationPortrait UIInterfaceOrientationLandscapeLeft UIInterfaceOrientationLandscapeRight";
				LD_RUNPATH_SEARCH_PATHS = (
					"$(inherited)",
					"@executable_path/Frameworks",
				);
				MARKETING_VERSION = 1.0;
				PRODUCT_BUNDLE_IDENTIFIER = "com.Emre.Implement-unit-test";
				PRODUCT_NAME = "$(TARGET_NAME)";
				SWIFT_EMIT_LOC_STRINGS = YES;
				SWIFT_VERSION = 5.0;
				TARGETED_DEVICE_FAMILY = "1,2";
			};
			name = Debug;
		};
		3A3E712C29994F2000D8FC54 /* Release */ = {
			isa = XCBuildConfiguration;
			buildSettings = {
				ASSETCATALOG_COMPILER_APPICON_NAME = AppIcon;
				ASSETCATALOG_COMPILER_GLOBAL_ACCENT_COLOR_NAME = AccentColor;
				CODE_SIGN_STYLE = Automatic;
				CURRENT_PROJECT_VERSION = 1;
				DEVELOPMENT_ASSET_PATHS = "\"Implement.unit.test/Preview Content\"";
				DEVELOPMENT_TEAM = 3HZ53JDS9P;
				ENABLE_PREVIEWS = YES;
				GENERATE_INFOPLIST_FILE = YES;
				INFOPLIST_KEY_UIApplicationSceneManifest_Generation = YES;
				INFOPLIST_KEY_UIApplicationSupportsIndirectInputEvents = YES;
				INFOPLIST_KEY_UILaunchScreen_Generation = YES;
				INFOPLIST_KEY_UISupportedInterfaceOrientations_iPad = "UIInterfaceOrientationPortrait UIInterfaceOrientationPortraitUpsideDown UIInterfaceOrientationLandscapeLeft UIInterfaceOrientationLandscapeRight";
				INFOPLIST_KEY_UISupportedInterfaceOrientations_iPhone = "UIInterfaceOrientationPortrait UIInterfaceOrientationLandscapeLeft UIInterfaceOrientationLandscapeRight";
				LD_RUNPATH_SEARCH_PATHS = (
					"$(inherited)",
					"@executable_path/Frameworks",
				);
				MARKETING_VERSION = 1.0;
				PRODUCT_BUNDLE_IDENTIFIER = "com.Emre.Implement-unit-test";
				PRODUCT_NAME = "$(TARGET_NAME)";
				SWIFT_EMIT_LOC_STRINGS = YES;
				SWIFT_VERSION = 5.0;
				TARGETED_DEVICE_FAMILY = "1,2";
			};
			name = Release;
		};
		3A3E712E29994F2000D8FC54 /* Debug */ = {
			isa = XCBuildConfiguration;
			buildSettings = {
				ALWAYS_EMBED_SWIFT_STANDARD_LIBRARIES = YES;
				BUNDLE_LOADER = "$(TEST_HOST)";
				CODE_SIGN_STYLE = Automatic;
				CURRENT_PROJECT_VERSION = 1;
				DEVELOPMENT_TEAM = 3HZ53JDS9P;
				GENERATE_INFOPLIST_FILE = YES;
				IPHONEOS_DEPLOYMENT_TARGET = 16.0;
				MARKETING_VERSION = 1.0;
				PRODUCT_BUNDLE_IDENTIFIER = "com.Emre.Implement-unit-testTests";
				PRODUCT_NAME = "$(TARGET_NAME)";
				SWIFT_EMIT_LOC_STRINGS = NO;
				SWIFT_VERSION = 5.0;
				TARGETED_DEVICE_FAMILY = "1,2";
				TEST_HOST = "$(BUILT_PRODUCTS_DIR)/Implement.unit.test.app/$(BUNDLE_EXECUTABLE_FOLDER_PATH)/Implement.unit.test";
			};
			name = Debug;
		};
		3A3E712F29994F2000D8FC54 /* Release */ = {
			isa = XCBuildConfiguration;
			buildSettings = {
				ALWAYS_EMBED_SWIFT_STANDARD_LIBRARIES = YES;
				BUNDLE_LOADER = "$(TEST_HOST)";
				CODE_SIGN_STYLE = Automatic;
				CURRENT_PROJECT_VERSION = 1;
				DEVELOPMENT_TEAM = 3HZ53JDS9P;
				GENERATE_INFOPLIST_FILE = YES;
				IPHONEOS_DEPLOYMENT_TARGET = 16.0;
				MARKETING_VERSION = 1.0;
				PRODUCT_BUNDLE_IDENTIFIER = "com.Emre.Implement-unit-testTests";
				PRODUCT_NAME = "$(TARGET_NAME)";
				SWIFT_EMIT_LOC_STRINGS = NO;
				SWIFT_VERSION = 5.0;
				TARGETED_DEVICE_FAMILY = "1,2";
				TEST_HOST = "$(BUILT_PRODUCTS_DIR)/Implement.unit.test.app/$(BUNDLE_EXECUTABLE_FOLDER_PATH)/Implement.unit.test";
			};
			name = Release;
		};
		3A3E713129994F2000D8FC54 /* Debug */ = {
			isa = XCBuildConfiguration;
			buildSettings = {
				ALWAYS_EMBED_SWIFT_STANDARD_LIBRARIES = YES;
				CODE_SIGN_STYLE = Automatic;
				CURRENT_PROJECT_VERSION = 1;
				DEVELOPMENT_TEAM = 3HZ53JDS9P;
				GENERATE_INFOPLIST_FILE = YES;
				MARKETING_VERSION = 1.0;
				PRODUCT_BUNDLE_IDENTIFIER = "com.Emre.Implement-unit-testUITests";
				PRODUCT_NAME = "$(TARGET_NAME)";
				SWIFT_EMIT_LOC_STRINGS = NO;
				SWIFT_VERSION = 5.0;
				TARGETED_DEVICE_FAMILY = "1,2";
				TEST_TARGET_NAME = Implement.unit.test;
			};
			name = Debug;
		};
		3A3E713229994F2000D8FC54 /* Release */ = {
			isa = XCBuildConfiguration;
			buildSettings = {
				ALWAYS_EMBED_SWIFT_STANDARD_LIBRARIES = YES;
				CODE_SIGN_STYLE = Automatic;
				CURRENT_PROJECT_VERSION = 1;
				DEVELOPMENT_TEAM = 3HZ53JDS9P;
				GENERATE_INFOPLIST_FILE = YES;
				MARKETING_VERSION = 1.0;
				PRODUCT_BUNDLE_IDENTIFIER = "com.Emre.Implement-unit-testUITests";
				PRODUCT_NAME = "$(TARGET_NAME)";
				SWIFT_EMIT_LOC_STRINGS = NO;
				SWIFT_VERSION = 5.0;
				TARGETED_DEVICE_FAMILY = "1,2";
				TEST_TARGET_NAME = Implement.unit.test;
			};
			name = Release;
		};
/* End XCBuildConfiguration section */

/* Begin XCConfigurationList section */
		3A3E710129994F1800D8FC54 /* Build configuration list for PBXProject "Implement.unit.test" */ = {
			isa = XCConfigurationList;
			buildConfigurations = (
				3A3E712829994F2000D8FC54 /* Debug */,
				3A3E712929994F2000D8FC54 /* Release */,
			);
			defaultConfigurationIsVisible = 0;
			defaultConfigurationName = Release;
		};
		3A3E712A29994F2000D8FC54 /* Build configuration list for PBXNativeTarget "Implement.unit.test" */ = {
			isa = XCConfigurationList;
			buildConfigurations = (
				3A3E712B29994F2000D8FC54 /* Debug */,
				3A3E712C29994F2000D8FC54 /* Release */,
			);
			defaultConfigurationIsVisible = 0;
			defaultConfigurationName = Release;
		};
		3A3E712D29994F2000D8FC54 /* Build configuration list for PBXNativeTarget "Implement.unit.testTests" */ = {
			isa = XCConfigurationList;
			buildConfigurations = (
				3A3E712E29994F2000D8FC54 /* Debug */,
				3A3E712F29994F2000D8FC54 /* Release */,
			);
			defaultConfigurationIsVisible = 0;
			defaultConfigurationName = Release;
		};
		3A3E713029994F2000D8FC54 /* Build configuration list for PBXNativeTarget "Implement.unit.testUITests" */ = {
			isa = XCConfigurationList;
			buildConfigurations = (
				3A3E713129994F2000D8FC54 /* Debug */,
				3A3E713229994F2000D8FC54 /* Release */,
			);
			defaultConfigurationIsVisible = 0;
			defaultConfigurationName = Release;
		};
/* End XCConfigurationList section */
	};
	rootObject = 3A3E70FE29994F1800D8FC54 /* Project object */;
}
